
Microsoft Visual Studio Solution File, Format Version 12.00
# Visual Studio Version 17
VisualStudioVersion = 17.8.34322.80
MinimumVisualStudioVersion = 10.0.40219.1
Project("{9A19103F-16F7-4668-BE54-9A1E7A4F7556}") = "Heranca", "Heranca\Heranca.csproj", "{AA0CAE55-8833-4BC1-A8A8-CE71490EC8E5}"
EndProject
Project("{9A19103F-16F7-4668-BE54-9A1E7A4F7556}") = "Heranca_ModifAcesso", "Heranca_ModifAcesso\Heranca_ModifAcesso.csproj", "{D9507271-EE66-4615-BE9E-4CFCB2C2721B}"
EndProject
Project("{9A19103F-16F7-4668-BE54-9A1E7A4F7556}") = "Heranca_Construtores", "Heranca_Construtores\Heranca_Construtores.csproj", "{530D64F5-4553-403E-B7A8-EFA5E868DF41}"
EndProject
Project("{9A19103F-16F7-4668-BE54-9A1E7A4F7556}") = "Heranca_Objeto", "Heranca_Objeto\Heranca_Objeto.csproj", "{86D6AAED-DA79-479C-8867-104ACDD7A323}"
EndProject
Project("{9A19103F-16F7-4668-BE54-9A1E7A4F7556}") = "HerancaNew", "NewHeranca\HerancaNew.csproj", "{EDE16377-6A43-4713-904E-3037AEA9434F}"
EndProject
Project("{9A19103F-16F7-4668-BE54-9A1E7A4F7556}") = "HerancaVirtualOverride", "HerancaVirtualOverride\HerancaVirtualOverride.csproj", "{713BBBEA-D96E-4317-8963-088ECC2F1AA9}"
EndProject
Project("{9A19103F-16F7-4668-BE54-9A1E7A4F7556}") = "HerancaSealed", "HerancaSealed\HerancaSealed.csproj", "{FA4EEA56-81B5-4E55-B090-D747424893AF}"
EndProject
Project("{9A19103F-16F7-4668-BE54-9A1E7A4F7556}") = "ExercicioHerancaBanco", "ExercicioHeranca\ExercicioHerancaBanco.csproj", "{0A0974CE-A6C8-4779-8BED-C31E04D9FE9B}"
EndProject
Project("{9A19103F-16F7-4668-BE54-9A1E7A4F7556}") = "HerancaClassDiagram", "HerancaClassDiagram\HerancaClassDiagram.csproj", "{4F7A5CFD-8824-4E04-A641-5ADFBA94EDF6}"
EndProject
Project("{9A19103F-16F7-4668-BE54-9A1E7A4F7556}") = "HerancaUpscanting", "HerancaUpscantingDowncasting\HerancaUpscanting.csproj", "{3490520D-EE19-4C9F-98F0-007B267C4313}"
EndProject
Project("{9A19103F-16F7-4668-BE54-9A1E7A4F7556}") = "HerancaDowncasting", "HerancaDowncasting\HerancaDowncasting.csproj", "{FE57C011-E11F-48CC-B47D-AB4E84C4C7D9}"
EndProject
Project("{9A19103F-16F7-4668-BE54-9A1E7A4F7556}") = "HerancaAseIs", "HerancaAs\HerancaAseIs.csproj", "{43BEA886-EA84-4D83-8AF3-19F66307B85F}"
EndProject
Project("{FAE04EC0-301F-11D3-BF4B-00C04F79EFBC}") = "HerancaClassAbstract", "ClassAbstract\HerancaClassAbstract.csproj", "{B14E0527-6946-4C07-A499-DB61F679EA74}"
EndProject
Global
	GlobalSection(SolutionConfigurationPlatforms) = preSolution
		Debug|Any CPU = Debug|Any CPU
		Release|Any CPU = Release|Any CPU
	EndGlobalSection
	GlobalSection(ProjectConfigurationPlatforms) = postSolution
		{AA0CAE55-8833-4BC1-A8A8-CE71490EC8E5}.Debug|Any CPU.ActiveCfg = Debug|Any CPU
		{AA0CAE55-8833-4BC1-A8A8-CE71490EC8E5}.Debug|Any CPU.Build.0 = Debug|Any CPU
		{AA0CAE55-8833-4BC1-A8A8-CE71490EC8E5}.Release|Any CPU.ActiveCfg = Release|Any CPU
		{AA0CAE55-8833-4BC1-A8A8-CE71490EC8E5}.Release|Any CPU.Build.0 = Release|Any CPU
		{D9507271-EE66-4615-BE9E-4CFCB2C2721B}.Debug|Any CPU.ActiveCfg = Debug|Any CPU
		{D9507271-EE66-4615-BE9E-4CFCB2C2721B}.Debug|Any CPU.Build.0 = Debug|Any CPU
		{D9507271-EE66-4615-BE9E-4CFCB2C2721B}.Release|Any CPU.ActiveCfg = Release|Any CPU
		{D9507271-EE66-4615-BE9E-4CFCB2C2721B}.Release|Any CPU.Build.0 = Release|Any CPU
		{530D64F5-4553-403E-B7A8-EFA5E868DF41}.Debug|Any CPU.ActiveCfg = Debug|Any CPU
		{530D64F5-4553-403E-B7A8-EFA5E868DF41}.Debug|Any CPU.Build.0 = Debug|Any CPU
		{530D64F5-4553-403E-B7A8-EFA5E868DF41}.Release|Any CPU.ActiveCfg = Release|Any CPU
		{530D64F5-4553-403E-B7A8-EFA5E868DF41}.Release|Any CPU.Build.0 = Release|Any CPU
		{86D6AAED-DA79-479C-8867-104ACDD7A323}.Debug|Any CPU.ActiveCfg = Debug|Any CPU
		{86D6AAED-DA79-479C-8867-104ACDD7A323}.Debug|Any CPU.Build.0 = Debug|Any CPU
		{86D6AAED-DA79-479C-8867-104ACDD7A323}.Release|Any CPU.ActiveCfg = Release|Any CPU
		{86D6AAED-DA79-479C-8867-104ACDD7A323}.Release|Any CPU.Build.0 = Release|Any CPU
		{EDE16377-6A43-4713-904E-3037AEA9434F}.Debug|Any CPU.ActiveCfg = Debug|Any CPU
		{EDE16377-6A43-4713-904E-3037AEA9434F}.Debug|Any CPU.Build.0 = Debug|Any CPU
		{EDE16377-6A43-4713-904E-3037AEA9434F}.Release|Any CPU.ActiveCfg = Release|Any CPU
		{EDE16377-6A43-4713-904E-3037AEA9434F}.Release|Any CPU.Build.0 = Release|Any CPU
		{713BBBEA-D96E-4317-8963-088ECC2F1AA9}.Debug|Any CPU.ActiveCfg = Debug|Any CPU
		{713BBBEA-D96E-4317-8963-088ECC2F1AA9}.Debug|Any CPU.Build.0 = Debug|Any CPU
		{713BBBEA-D96E-4317-8963-088ECC2F1AA9}.Release|Any CPU.ActiveCfg = Release|Any CPU
		{713BBBEA-D96E-4317-8963-088ECC2F1AA9}.Release|Any CPU.Build.0 = Release|Any CPU
		{FA4EEA56-81B5-4E55-B090-D747424893AF}.Debug|Any CPU.ActiveCfg = Debug|Any CPU
		{FA4EEA56-81B5-4E55-B090-D747424893AF}.Debug|Any CPU.Build.0 = Debug|Any CPU
		{FA4EEA56-81B5-4E55-B090-D747424893AF}.Release|Any CPU.ActiveCfg = Release|Any CPU
		{FA4EEA56-81B5-4E55-B090-D747424893AF}.Release|Any CPU.Build.0 = Release|Any CPU
		{0A0974CE-A6C8-4779-8BED-C31E04D9FE9B}.Debug|Any CPU.ActiveCfg = Debug|Any CPU
		{0A0974CE-A6C8-4779-8BED-C31E04D9FE9B}.Debug|Any CPU.Build.0 = Debug|Any CPU
		{0A0974CE-A6C8-4779-8BED-C31E04D9FE9B}.Release|Any CPU.ActiveCfg = Release|Any CPU
		{0A0974CE-A6C8-4779-8BED-C31E04D9FE9B}.Release|Any CPU.Build.0 = Release|Any CPU
		{4F7A5CFD-8824-4E04-A641-5ADFBA94EDF6}.Debug|Any CPU.ActiveCfg = Debug|Any CPU
		{4F7A5CFD-8824-4E04-A641-5ADFBA94EDF6}.Debug|Any CPU.Build.0 = Debug|Any CPU
		{4F7A5CFD-8824-4E04-A641-5ADFBA94EDF6}.Release|Any CPU.ActiveCfg = Release|Any CPU
		{4F7A5CFD-8824-4E04-A641-5ADFBA94EDF6}.Release|Any CPU.Build.0 = Release|Any CPU
		{3490520D-EE19-4C9F-98F0-007B267C4313}.Debug|Any CPU.ActiveCfg = Debug|Any CPU
		{3490520D-EE19-4C9F-98F0-007B267C4313}.Debug|Any CPU.Build.0 = Debug|Any CPU
		{3490520D-EE19-4C9F-98F0-007B267C4313}.Release|Any CPU.ActiveCfg = Release|Any CPU
		{3490520D-EE19-4C9F-98F0-007B267C4313}.Release|Any CPU.Build.0 = Release|Any CPU
		{FE57C011-E11F-48CC-B47D-AB4E84C4C7D9}.Debug|Any CPU.ActiveCfg = Debug|Any CPU
		{FE57C011-E11F-48CC-B47D-AB4E84C4C7D9}.Debug|Any CPU.Build.0 = Debug|Any CPU
		{FE57C011-E11F-48CC-B47D-AB4E84C4C7D9}.Release|Any CPU.ActiveCfg = Release|Any CPU
		{FE57C011-E11F-48CC-B47D-AB4E84C4C7D9}.Release|Any CPU.Build.0 = Release|Any CPU
		{43BEA886-EA84-4D83-8AF3-19F66307B85F}.Debug|Any CPU.ActiveCfg = Debug|Any CPU
		{43BEA886-EA84-4D83-8AF3-19F66307B85F}.Debug|Any CPU.Build.0 = Debug|Any CPU
		{43BEA886-EA84-4D83-8AF3-19F66307B85F}.Release|Any CPU.ActiveCfg = Release|Any CPU
		{43BEA886-EA84-4D83-8AF3-19F66307B85F}.Release|Any CPU.Build.0 = Release|Any CPU
		{B14E0527-6946-4C07-A499-DB61F679EA74}.Debug|Any CPU.ActiveCfg = Debug|Any CPU
		{B14E0527-6946-4C07-A499-DB61F679EA74}.Debug|Any CPU.Build.0 = Debug|Any CPU
		{B14E0527-6946-4C07-A499-DB61F679EA74}.Release|Any CPU.ActiveCfg = Release|Any CPU
		{B14E0527-6946-4C07-A499-DB61F679EA74}.Release|Any CPU.Build.0 = Release|Any CPU
	EndGlobalSection
	GlobalSection(SolutionProperties) = preSolution
		HideSolutionNode = FALSE
	EndGlobalSection
	GlobalSection(ExtensibilityGlobals) = postSolution
		SolutionGuid = {FC3F8116-A215-41E8-A9E9-5AB602995685}
	EndGlobalSection
EndGlobal
